// !$*UTF8*$!
{
	archiveVersion = 1;
	classes = {
	};
	objectVersion = 48;
	objects = {

/* Begin PBXBuildFile section */
		3660F6B56C2DC0DA807C8B1A /* Pods_CoordinatorHelper.framework in Frameworks */ = {isa = PBXBuildFile; fileRef = 7EC38A4DE8DCD4BA63B9C8C8 /* Pods_CoordinatorHelper.framework */; };
		9E03C0721FE1247200B436D7 /* AppDelegate.swift in Sources */ = {isa = PBXBuildFile; fileRef = 9E03C0711FE1247200B436D7 /* AppDelegate.swift */; };
		9E03C0741FE1247200B436D7 /* ViewController.swift in Sources */ = {isa = PBXBuildFile; fileRef = 9E03C0731FE1247200B436D7 /* ViewController.swift */; };
		9E03C0761FE1247200B436D7 /* Assets.xcassets in Resources */ = {isa = PBXBuildFile; fileRef = 9E03C0751FE1247200B436D7 /* Assets.xcassets */; };
		9E03C0791FE1247200B436D7 /* Main.storyboard in Resources */ = {isa = PBXBuildFile; fileRef = 9E03C0771FE1247200B436D7 /* Main.storyboard */; };
		9E03C0851FE126BE00B436D7 /* DiskScaner.swift in Sources */ = {isa = PBXBuildFile; fileRef = 9E03C0841FE126BE00B436D7 /* DiskScaner.swift */; };
		9E03C0871FE1ACF700B436D7 /* Extentions.swift in Sources */ = {isa = PBXBuildFile; fileRef = 9E03C0861FE1ACF700B436D7 /* Extentions.swift */; };
		9E82EC6F1FFB8F2300D3E3CE /* ProjectStructure.swift in Sources */ = {isa = PBXBuildFile; fileRef = 9E82EC6E1FFB8F2300D3E3CE /* ProjectStructure.swift */; };
		9E82EC711FFBC24200D3E3CE /* TextFunc.swift in Sources */ = {isa = PBXBuildFile; fileRef = 9E82EC701FFBC24200D3E3CE /* TextFunc.swift */; };
		9EBA0C901FE3D2A40007F079 /* Flows.swift in Sources */ = {isa = PBXBuildFile; fileRef = 9EBA0C8F1FE3D2A40007F079 /* Flows.swift */; };
		9EDBB3611FE2D4760087DECD /* Parser.swift in Sources */ = {isa = PBXBuildFile; fileRef = 9EDBB3601FE2D4760087DECD /* Parser.swift */; };
		9EDBB3631FE2E1380087DECD /* Assemblies.swift in Sources */ = {isa = PBXBuildFile; fileRef = 9EDBB3621FE2E1380087DECD /* Assemblies.swift */; };
		9EEAF12D1FFD093600BECD70 /* AppError.swift in Sources */ = {isa = PBXBuildFile; fileRef = 9EEAF12C1FFD093600BECD70 /* AppError.swift */; };
		9EEAF22E1FFE63A800BECD70 /* ProjectImporter.swift in Sources */ = {isa = PBXBuildFile; fileRef = 9EEAF22D1FFE63A800BECD70 /* ProjectImporter.swift */; };
/* End PBXBuildFile section */

/* Begin PBXFileReference section */
		2C9FAB42188658152AABA8F8 /* Pods-CoordinatorHelper.release.xcconfig */ = {isa = PBXFileReference; includeInIndex = 1; lastKnownFileType = text.xcconfig; name = "Pods-CoordinatorHelper.release.xcconfig"; path = "Pods/Target Support Files/Pods-CoordinatorHelper/Pods-CoordinatorHelper.release.xcconfig"; sourceTree = "<group>"; };
		520019E9A3186B68E00B07D7 /* Pods-CoordinatorHelper.debug.xcconfig */ = {isa = PBXFileReference; includeInIndex = 1; lastKnownFileType = text.xcconfig; name = "Pods-CoordinatorHelper.debug.xcconfig"; path = "Pods/Target Support Files/Pods-CoordinatorHelper/Pods-CoordinatorHelper.debug.xcconfig"; sourceTree = "<group>"; };
		7EC38A4DE8DCD4BA63B9C8C8 /* Pods_CoordinatorHelper.framework */ = {isa = PBXFileReference; explicitFileType = wrapper.framework; includeInIndex = 0; path = Pods_CoordinatorHelper.framework; sourceTree = BUILT_PRODUCTS_DIR; };
		9E03C06E1FE1247200B436D7 /* CoordinatorHelper.app */ = {isa = PBXFileReference; explicitFileType = wrapper.application; includeInIndex = 0; path = CoordinatorHelper.app; sourceTree = BUILT_PRODUCTS_DIR; };
		9E03C0711FE1247200B436D7 /* AppDelegate.swift */ = {isa = PBXFileReference; lastKnownFileType = sourcecode.swift; path = AppDelegate.swift; sourceTree = "<group>"; };
		9E03C0731FE1247200B436D7 /* ViewController.swift */ = {isa = PBXFileReference; lastKnownFileType = sourcecode.swift; path = ViewController.swift; sourceTree = "<group>"; };
		9E03C0751FE1247200B436D7 /* Assets.xcassets */ = {isa = PBXFileReference; lastKnownFileType = folder.assetcatalog; path = Assets.xcassets; sourceTree = "<group>"; };
		9E03C0781FE1247200B436D7 /* Base */ = {isa = PBXFileReference; lastKnownFileType = file.storyboard; name = Base; path = Base.lproj/Main.storyboard; sourceTree = "<group>"; };
		9E03C07A1FE1247200B436D7 /* Info.plist */ = {isa = PBXFileReference; lastKnownFileType = text.plist.xml; path = Info.plist; sourceTree = "<group>"; };
		9E03C07B1FE1247200B436D7 /* CoordinatorHelper.entitlements */ = {isa = PBXFileReference; lastKnownFileType = text.plist.entitlements; path = CoordinatorHelper.entitlements; sourceTree = "<group>"; };
		9E03C0841FE126BE00B436D7 /* DiskScaner.swift */ = {isa = PBXFileReference; lastKnownFileType = sourcecode.swift; path = DiskScaner.swift; sourceTree = "<group>"; };
		9E03C0861FE1ACF700B436D7 /* Extentions.swift */ = {isa = PBXFileReference; lastKnownFileType = sourcecode.swift; path = Extentions.swift; sourceTree = "<group>"; };
		9E82EC6E1FFB8F2300D3E3CE /* ProjectStructure.swift */ = {isa = PBXFileReference; lastKnownFileType = sourcecode.swift; path = ProjectStructure.swift; sourceTree = "<group>"; };
		9E82EC701FFBC24200D3E3CE /* TextFunc.swift */ = {isa = PBXFileReference; lastKnownFileType = sourcecode.swift; path = TextFunc.swift; sourceTree = "<group>"; };
		9EBA0C8F1FE3D2A40007F079 /* Flows.swift */ = {isa = PBXFileReference; lastKnownFileType = sourcecode.swift; path = Flows.swift; sourceTree = "<group>"; };
		9EDBB3601FE2D4760087DECD /* Parser.swift */ = {isa = PBXFileReference; lastKnownFileType = sourcecode.swift; path = Parser.swift; sourceTree = "<group>"; };
		9EDBB3621FE2E1380087DECD /* Assemblies.swift */ = {isa = PBXFileReference; lastKnownFileType = sourcecode.swift; path = Assemblies.swift; sourceTree = "<group>"; };
		9EEAF12C1FFD093600BECD70 /* AppError.swift */ = {isa = PBXFileReference; lastKnownFileType = sourcecode.swift; path = AppError.swift; sourceTree = "<group>"; };
		9EEAF22D1FFE63A800BECD70 /* ProjectImporter.swift */ = {isa = PBXFileReference; lastKnownFileType = sourcecode.swift; path = ProjectImporter.swift; sourceTree = "<group>"; };
/* End PBXFileReference section */

/* Begin PBXFrameworksBuildPhase section */
		9E03C06B1FE1247200B436D7 /* Frameworks */ = {
			isa = PBXFrameworksBuildPhase;
			buildActionMask = 2147483647;
			files = (
				3660F6B56C2DC0DA807C8B1A /* Pods_CoordinatorHelper.framework in Frameworks */,
			);
			runOnlyForDeploymentPostprocessing = 0;
		};
/* End PBXFrameworksBuildPhase section */

/* Begin PBXGroup section */
		4696251F0B03D591E2F0B245 /* Pods */ = {
			isa = PBXGroup;
			children = (
				520019E9A3186B68E00B07D7 /* Pods-CoordinatorHelper.debug.xcconfig */,
				2C9FAB42188658152AABA8F8 /* Pods-CoordinatorHelper.release.xcconfig */,
			);
			name = Pods;
			sourceTree = "<group>";
		};
		576791F3AA622504E61D86A9 /* Frameworks */ = {
			isa = PBXGroup;
			children = (
				7EC38A4DE8DCD4BA63B9C8C8 /* Pods_CoordinatorHelper.framework */,
			);
			name = Frameworks;
			sourceTree = "<group>";
		};
		9E03C0651FE1247200B436D7 = {
			isa = PBXGroup;
			children = (
				9E03C0701FE1247200B436D7 /* CoordinatorHelper */,
				9E03C06F1FE1247200B436D7 /* Products */,
				576791F3AA622504E61D86A9 /* Frameworks */,
				4696251F0B03D591E2F0B245 /* Pods */,
			);
			sourceTree = "<group>";
		};
		9E03C06F1FE1247200B436D7 /* Products */ = {
			isa = PBXGroup;
			children = (
				9E03C06E1FE1247200B436D7 /* CoordinatorHelper.app */,
			);
			name = Products;
			sourceTree = "<group>";
		};
		9E03C0701FE1247200B436D7 /* CoordinatorHelper */ = {
			isa = PBXGroup;
			children = (
				9E03C0711FE1247200B436D7 /* AppDelegate.swift */,
				9E03C0731FE1247200B436D7 /* ViewController.swift */,
				9E03C0861FE1ACF700B436D7 /* Extentions.swift */,
				9E03C0811FE1266F00B436D7 /* Logic */,
				9E03C0751FE1247200B436D7 /* Assets.xcassets */,
				9E03C0771FE1247200B436D7 /* Main.storyboard */,
				9E03C07A1FE1247200B436D7 /* Info.plist */,
				9E03C07B1FE1247200B436D7 /* CoordinatorHelper.entitlements */,
			);
			path = CoordinatorHelper;
			sourceTree = "<group>";
		};
		9E03C0811FE1266F00B436D7 /* Logic */ = {
			isa = PBXGroup;
			children = (
				9EEAF12C1FFD093600BECD70 /* AppError.swift */,
				9E03C0841FE126BE00B436D7 /* DiskScaner.swift */,
				9EDBB3601FE2D4760087DECD /* Parser.swift */,
				9EDBB3621FE2E1380087DECD /* Assemblies.swift */,
				9EBA0C8F1FE3D2A40007F079 /* Flows.swift */,
				9E82EC6E1FFB8F2300D3E3CE /* ProjectStructure.swift */,
				9E82EC701FFBC24200D3E3CE /* TextFunc.swift */,
				9EEAF22D1FFE63A800BECD70 /* ProjectImporter.swift */,
			);
			path = Logic;
			sourceTree = "<group>";
		};
/* End PBXGroup section */

/* Begin PBXNativeTarget section */
		9E03C06D1FE1247200B436D7 /* CoordinatorHelper */ = {
			isa = PBXNativeTarget;
			buildConfigurationList = 9E03C07E1FE1247200B436D7 /* Build configuration list for PBXNativeTarget "CoordinatorHelper" */;
			buildPhases = (
				4FFB6872DF6F072F221D21C4 /* [CP] Check Pods Manifest.lock */,
				9E03C06A1FE1247200B436D7 /* Sources */,
				9E03C06B1FE1247200B436D7 /* Frameworks */,
				9E03C06C1FE1247200B436D7 /* Resources */,
				646D1D3BD4D4057EBF213598 /* [CP] Embed Pods Frameworks */,
				57D0AA52A72F29ED43A683FE /* [CP] Copy Pods Resources */,
			);
			buildRules = (
			);
			dependencies = (
			);
			name = CoordinatorHelper;
			productName = CoordinatorHelper;
			productReference = 9E03C06E1FE1247200B436D7 /* CoordinatorHelper.app */;
			productType = "com.apple.product-type.application";
		};
/* End PBXNativeTarget section */

/* Begin PBXProject section */
		9E03C0661FE1247200B436D7 /* Project object */ = {
			isa = PBXProject;
			attributes = {
				LastSwiftUpdateCheck = 0920;
				LastUpgradeCheck = 0920;
				ORGANIZATIONNAME = NixSolutions;
				TargetAttributes = {
					9E03C06D1FE1247200B436D7 = {
						CreatedOnToolsVersion = 9.2;
						ProvisioningStyle = Manual;
						SystemCapabilities = {
							com.apple.Sandbox = {
								enabled = 0;
							};
						};
					};
				};
			};
			buildConfigurationList = 9E03C0691FE1247200B436D7 /* Build configuration list for PBXProject "CoordinatorHelper" */;
			compatibilityVersion = "Xcode 8.0";
			developmentRegion = en;
			hasScannedForEncodings = 0;
			knownRegions = (
				en,
				Base,
			);
			mainGroup = 9E03C0651FE1247200B436D7;
			productRefGroup = 9E03C06F1FE1247200B436D7 /* Products */;
			projectDirPath = "";
			projectRoot = "";
			targets = (
				9E03C06D1FE1247200B436D7 /* CoordinatorHelper */,
			);
		};
/* End PBXProject section */

/* Begin PBXResourcesBuildPhase section */
		9E03C06C1FE1247200B436D7 /* Resources */ = {
			isa = PBXResourcesBuildPhase;
			buildActionMask = 2147483647;
			files = (
				9E03C0761FE1247200B436D7 /* Assets.xcassets in Resources */,
				9E03C0791FE1247200B436D7 /* Main.storyboard in Resources */,
			);
			runOnlyForDeploymentPostprocessing = 0;
		};
/* End PBXResourcesBuildPhase section */

/* Begin PBXShellScriptBuildPhase section */
		4FFB6872DF6F072F221D21C4 /* [CP] Check Pods Manifest.lock */ = {
			isa = PBXShellScriptBuildPhase;
			buildActionMask = 2147483647;
			files = (
			);
			inputPaths = (
				"${PODS_PODFILE_DIR_PATH}/Podfile.lock",
				"${PODS_ROOT}/Manifest.lock",
			);
			name = "[CP] Check Pods Manifest.lock";
			outputPaths = (
				"$(DERIVED_FILE_DIR)/Pods-CoordinatorHelper-checkManifestLockResult.txt",
			);
			runOnlyForDeploymentPostprocessing = 0;
			shellPath = /bin/sh;
			shellScript = "diff \"${PODS_PODFILE_DIR_PATH}/Podfile.lock\" \"${PODS_ROOT}/Manifest.lock\" > /dev/null\nif [ $? != 0 ] ; then\n    # print error to STDERR\n    echo \"error: The sandbox is not in sync with the Podfile.lock. Run 'pod install' or update your CocoaPods installation.\" >&2\n    exit 1\nfi\n# This output is used by Xcode 'outputs' to avoid re-running this script phase.\necho \"SUCCESS\" > \"${SCRIPT_OUTPUT_FILE_0}\"\n";
			showEnvVarsInLog = 0;
		};
		57D0AA52A72F29ED43A683FE /* [CP] Copy Pods Resources */ = {
			isa = PBXShellScriptBuildPhase;
			buildActionMask = 2147483647;
			files = (
			);
			inputPaths = (
			);
			name = "[CP] Copy Pods Resources";
			outputPaths = (
			);
			runOnlyForDeploymentPostprocessing = 0;
			shellPath = /bin/sh;
			shellScript = "\"${SRCROOT}/Pods/Target Support Files/Pods-CoordinatorHelper/Pods-CoordinatorHelper-resources.sh\"\n";
			showEnvVarsInLog = 0;
		};
		646D1D3BD4D4057EBF213598 /* [CP] Embed Pods Frameworks */ = {
			isa = PBXShellScriptBuildPhase;
			buildActionMask = 2147483647;
			files = (
			);
			inputPaths = (
				"${SRCROOT}/Pods/Target Support Files/Pods-CoordinatorHelper/Pods-CoordinatorHelper-frameworks.sh",
				"${BUILT_PRODUCTS_DIR}/Alamofire/Alamofire.framework",
				"${BUILT_PRODUCTS_DIR}/Files/Files.framework",
				"${BUILT_PRODUCTS_DIR}/PromiseKit/PromiseKit.framework",
			);
			name = "[CP] Embed Pods Frameworks";
			outputPaths = (
				"${TARGET_BUILD_DIR}/${FRAMEWORKS_FOLDER_PATH}/Alamofire.framework",
				"${TARGET_BUILD_DIR}/${FRAMEWORKS_FOLDER_PATH}/Files.framework",
				"${TARGET_BUILD_DIR}/${FRAMEWORKS_FOLDER_PATH}/PromiseKit.framework",
			);
			runOnlyForDeploymentPostprocessing = 0;
			shellPath = /bin/sh;
			shellScript = "\"${SRCROOT}/Pods/Target Support Files/Pods-CoordinatorHelper/Pods-CoordinatorHelper-frameworks.sh\"\n";
			showEnvVarsInLog = 0;
		};
/* End PBXShellScriptBuildPhase section */

/* Begin PBXSourcesBuildPhase section */
		9E03C06A1FE1247200B436D7 /* Sources */ = {
			isa = PBXSourcesBuildPhase;
			buildActionMask = 2147483647;
			files = (
				9E82EC711FFBC24200D3E3CE /* TextFunc.swift in Sources */,
				9E03C0741FE1247200B436D7 /* ViewController.swift in Sources */,
				9EEAF12D1FFD093600BECD70 /* AppError.swift in Sources */,
				9E03C0721FE1247200B436D7 /* AppDelegate.swift in Sources */,
				9EDBB3611FE2D4760087DECD /* Parser.swift in Sources */,
				9EDBB3631FE2E1380087DECD /* Assemblies.swift in Sources */,
				9EBA0C901FE3D2A40007F079 /* Flows.swift in Sources */,
				9E82EC6F1FFB8F2300D3E3CE /* ProjectStructure.swift in Sources */,
				9EEAF22E1FFE63A800BECD70 /* ProjectImporter.swift in Sources */,
				9E03C0871FE1ACF700B436D7 /* Extentions.swift in Sources */,
				9E03C0851FE126BE00B436D7 /* DiskScaner.swift in Sources */,
			);
			runOnlyForDeploymentPostprocessing = 0;
		};
/* End PBXSourcesBuildPhase section */

/* Begin PBXVariantGroup section */
		9E03C0771FE1247200B436D7 /* Main.storyboard */ = {
			isa = PBXVariantGroup;
			children = (
				9E03C0781FE1247200B436D7 /* Base */,
			);
			name = Main.storyboard;
			sourceTree = "<group>";
		};
/* End PBXVariantGroup section */

/* Begin XCBuildConfiguration section */
		9E03C07C1FE1247200B436D7 /* Debug */ = {
			isa = XCBuildConfiguration;
			buildSettings = {
				ALWAYS_SEARCH_USER_PATHS = NO;
				CLANG_ANALYZER_NONNULL = YES;
				CLANG_ANALYZER_NUMBER_OBJECT_CONVERSION = YES_AGGRESSIVE;
				CLANG_CXX_LANGUAGE_STANDARD = "gnu++14";
				CLANG_CXX_LIBRARY = "libc++";
				CLANG_ENABLE_MODULES = YES;
				CLANG_ENABLE_OBJC_ARC = YES;
				CLANG_WARN_BLOCK_CAPTURE_AUTORELEASING = YES;
				CLANG_WARN_BOOL_CONVERSION = YES;
				CLANG_WARN_COMMA = YES;
				CLANG_WARN_CONSTANT_CONVERSION = YES;
				CLANG_WARN_DIRECT_OBJC_ISA_USAGE = YES_ERROR;
				CLANG_WARN_DOCUMENTATION_COMMENTS = YES;
				CLANG_WARN_EMPTY_BODY = YES;
				CLANG_WARN_ENUM_CONVERSION = YES;
				CLANG_WARN_INFINITE_RECURSION = YES;
				CLANG_WARN_INT_CONVERSION = YES;
				CLANG_WARN_NON_LITERAL_NULL_CONVERSION = YES;
				CLANG_WARN_OBJC_LITERAL_CONVERSION = YES;
				CLANG_WARN_OBJC_ROOT_CLASS = YES_ERROR;
				CLANG_WARN_RANGE_LOOP_ANALYSIS = YES;
				CLANG_WARN_STRICT_PROTOTYPES = YES;
				CLANG_WARN_SUSPICIOUS_MOVE = YES;
				CLANG_WARN_UNGUARDED_AVAILABILITY = YES_AGGRESSIVE;
				CLANG_WARN_UNREACHABLE_CODE = YES;
				CLANG_WARN__DUPLICATE_METHOD_MATCH = YES;
				CODE_SIGN_IDENTITY = "Mac Developer";
				COPY_PHASE_STRIP = NO;
				DEBUG_INFORMATION_FORMAT = dwarf;
				ENABLE_STRICT_OBJC_MSGSEND = YES;
				ENABLE_TESTABILITY = YES;
				GCC_C_LANGUAGE_STANDARD = gnu11;
				GCC_DYNAMIC_NO_PIC = NO;
				GCC_NO_COMMON_BLOCKS = YES;
				GCC_OPTIMIZATION_LEVEL = 0;
				GCC_PREPROCESSOR_DEFINITIONS = (
					"DEBUG=1",
					"$(inherited)",
				);
				GCC_WARN_64_TO_32_BIT_CONVERSION = YES;
				GCC_WARN_ABOUT_RETURN_TYPE = YES_ERROR;
				GCC_WARN_UNDECLARED_SELECTOR = YES;
				GCC_WARN_UNINITIALIZED_AUTOS = YES_AGGRESSIVE;
				GCC_WARN_UNUSED_FUNCTION = YES;
				GCC_WARN_UNUSED_VARIABLE = YES;
				MACOSX_DEPLOYMENT_TARGET = 10.13;
				MTL_ENABLE_DEBUG_INFO = YES;
				ONLY_ACTIVE_ARCH = YES;
				SDKROOT = macosx;
				SWIFT_ACTIVE_COMPILATION_CONDITIONS = DEBUG;
				SWIFT_OPTIMIZATION_LEVEL = "-Onone";
			};
			name = Debug;
		};
		9E03C07D1FE1247200B436D7 /* Release */ = {
			isa = XCBuildConfiguration;
			buildSettings = {
				ALWAYS_SEARCH_USER_PATHS = NO;
				CLANG_ANALYZER_NONNULL = YES;
				CLANG_ANALYZER_NUMBER_OBJECT_CONVERSION = YES_AGGRESSIVE;
				CLANG_CXX_LANGUAGE_STANDARD = "gnu++14";
				CLANG_CXX_LIBRARY = "libc++";
				CLANG_ENABLE_MODULES = YES;
				CLANG_ENABLE_OBJC_ARC = YES;
				CLANG_WARN_BLOCK_CAPTURE_AUTORELEASING = YES;
				CLANG_WARN_BOOL_CONVERSION = YES;
				CLANG_WARN_COMMA = YES;
				CLANG_WARN_CONSTANT_CONVERSION = YES;
				CLANG_WARN_DIRECT_OBJC_ISA_USAGE = YES_ERROR;
				CLANG_WARN_DOCUMENTATION_COMMENTS = YES;
				CLANG_WARN_EMPTY_BODY = YES;
				CLANG_WARN_ENUM_CONVERSION = YES;
				CLANG_WARN_INFINITE_RECURSION = YES;
				CLANG_WARN_INT_CONVERSION = YES;
				CLANG_WARN_NON_LITERAL_NULL_CONVERSION = YES;
				CLANG_WARN_OBJC_LITERAL_CONVERSION = YES;
				CLANG_WARN_OBJC_ROOT_CLASS = YES_ERROR;
				CLANG_WARN_RANGE_LOOP_ANALYSIS = YES;
				CLANG_WARN_STRICT_PROTOTYPES = YES;
				CLANG_WARN_SUSPICIOUS_MOVE = YES;
				CLANG_WARN_UNGUARDED_AVAILABILITY = YES_AGGRESSIVE;
				CLANG_WARN_UNREACHABLE_CODE = YES;
				CLANG_WARN__DUPLICATE_METHOD_MATCH = YES;
				CODE_SIGN_IDENTITY = "Mac Developer";
				COPY_PHASE_STRIP = NO;
				DEBUG_INFORMATION_FORMAT = "dwarf-with-dsym";
				ENABLE_NS_ASSERTIONS = NO;
				ENABLE_STRICT_OBJC_MSGSEND = YES;
				GCC_C_LANGUAGE_STANDARD = gnu11;
				GCC_NO_COMMON_BLOCKS = YES;
				GCC_WARN_64_TO_32_BIT_CONVERSION = YES;
				GCC_WARN_ABOUT_RETURN_TYPE = YES_ERROR;
				GCC_WARN_UNDECLARED_SELECTOR = YES;
				GCC_WARN_UNINITIALIZED_AUTOS = YES_AGGRESSIVE;
				GCC_WARN_UNUSED_FUNCTION = YES;
				GCC_WARN_UNUSED_VARIABLE = YES;
				MACOSX_DEPLOYMENT_TARGET = 10.13;
				MTL_ENABLE_DEBUG_INFO = NO;
				SDKROOT = macosx;
				SWIFT_OPTIMIZATION_LEVEL = "-Owholemodule";
			};
			name = Release;
		};
		9E03C07F1FE1247200B436D7 /* Debug */ = {
			isa = XCBuildConfiguration;
			baseConfigurationReference = 520019E9A3186B68E00B07D7 /* Pods-CoordinatorHelper.debug.xcconfig */;
			buildSettings = {
				ASSETCATALOG_COMPILER_APPICON_NAME = AppIcon;
				CODE_SIGN_IDENTITY = "Mac Developer";
				CODE_SIGN_STYLE = Manual;
				COMBINE_HIDPI_IMAGES = YES;
				DEVELOPMENT_TEAM = KC6Y97LB39;
				INFOPLIST_FILE = CoordinatorHelper/Info.plist;
				LD_RUNPATH_SEARCH_PATHS = "$(inherited) @executable_path/../Frameworks";
				MACOSX_DEPLOYMENT_TARGET = 10.12;
				PRODUCT_BUNDLE_IDENTIFIER = com.testnixsolutions.CoordinatorHelper;
				PRODUCT_NAME = "$(TARGET_NAME)";
				PROVISIONING_PROFILE_SPECIFIER = "";
				SWIFT_VERSION = 4.0;
			};
			name = Debug;
		};
		9E03C0801FE1247200B436D7 /* Release */ = {
			isa = XCBuildConfiguration;
			baseConfigurationReference = 2C9FAB42188658152AABA8F8 /* Pods-CoordinatorHelper.release.xcconfig */;
			buildSettings = {
				ASSETCATALOG_COMPILER_APPICON_NAME = AppIcon;
				CODE_SIGN_STYLE = Manual;
				COMBINE_HIDPI_IMAGES = YES;
				DEVELOPMENT_TEAM = KC6Y97LB39;
				INFOPLIST_FILE = CoordinatorHelper/Info.plist;
				LD_RUNPATH_SEARCH_PATHS = "$(inherited) @executable_path/../Frameworks";
				MACOSX_DEPLOYMENT_TARGET = 10.12;
				PRODUCT_BUNDLE_IDENTIFIER = com.testnixsolutions.CoordinatorHelper;
				PRODUCT_NAME = "$(TARGET_NAME)";
				PROVISIONING_PROFILE_SPECIFIER = "";
				SWIFT_VERSION = 4.0;
			};
			name = Release;
		};
/* End XCBuildConfiguration section */

/* Begin XCConfigurationList section */
		9E03C0691FE1247200B436D7 /* Build configuration list for PBXProject "CoordinatorHelper" */ = {
			isa = XCConfigurationList;
			buildConfigurations = (
				9E03C07C1FE1247200B436D7 /* Debug */,
				9E03C07D1FE1247200B436D7 /* Release */,
			);
			defaultConfigurationIsVisible = 0;
			defaultConfigurationName = Release;
		};
		9E03C07E1FE1247200B436D7 /* Build configuration list for PBXNativeTarget "CoordinatorHelper" */ = {
			isa = XCConfigurationList;
			buildConfigurations = (
				9E03C07F1FE1247200B436D7 /* Debug */,
				9E03C0801FE1247200B436D7 /* Release */,
			);
			defaultConfigurationIsVisible = 0;
			defaultConfigurationName = Release;
		};
/* End XCConfigurationList section */
	};
	rootObject = 9E03C0661FE1247200B436D7 /* Project object */;
}
